
Microsoft Visual Studio Solution File, Format Version 12.00
# Visual Studio Version 16
VisualStudioVersion = 16.0.31702.278
MinimumVisualStudioVersion = 10.0.40219.1
Project("{8BC9CEB8-8B4A-11D0-8D11-00A0C91BC942}") = "FinalFunctions", "FinalFunctions\FinalFunctions.vcxproj", "{860074DE-0B49-4B7C-B903-E02B09422590}"
EndProject
Global
	GlobalSection(SolutionConfigurationPlatforms) = preSolution
		Debug|x64 = Debug|x64
		Debug|x86 = Debug|x86
		Release|x64 = Release|x64
		Release|x86 = Release|x86
	EndGlobalSection
	GlobalSection(ProjectConfigurationPlatforms) = postSolution
		{860074DE-0B49-4B7C-B903-E02B09422590}.Debug|x64.ActiveCfg = Debug|x64
		{860074DE-0B49-4B7C-B903-E02B09422590}.Debug|x64.Build.0 = Debug|x64
		{860074DE-0B49-4B7C-B903-E02B09422590}.Debug|x86.ActiveCfg = Debug|Win32
		{860074DE-0B49-4B7C-B903-E02B09422590}.Debug|x86.Build.0 = Debug|Win32
		{860074DE-0B49-4B7C-B903-E02B09422590}.Release|x64.ActiveCfg = Release|x64
		{860074DE-0B49-4B7C-B903-E02B09422590}.Release|x64.Build.0 = Release|x64
		{860074DE-0B49-4B7C-B903-E02B09422590}.Release|x86.ActiveCfg = Release|Win32
		{860074DE-0B49-4B7C-B903-E02B09422590}.Release|x86.Build.0 = Release|Win32
	EndGlobalSection
	GlobalSection(SolutionProperties) = preSolution
		HideSolutionNode = FALSE
	EndGlobalSection
	GlobalSection(ExtensibilityGlobals) = postSolution
		SolutionGuid = {1D419293-86C3-4AFD-973D-DD2205D3D124}
	EndGlobalSection
EndGlobal
